
Microsoft Visual Studio Solution File, Format Version 12.00
# Visual Studio Version 16
VisualStudioVersion = 16.0.29709.97
MinimumVisualStudioVersion = 10.0.40219.1
Project("{FAE04EC0-301F-11D3-BF4B-00C04F79EFBC}") = "WindowsFormsGMMySQL", "WindowsFormsGMMySQL\WindowsFormsGMMySQL.csproj", "{24C8CA37-48AD-4A62-A332-0E8BA6F95691}"
EndProject
Project("{FAE04EC0-301F-11D3-BF4B-00C04F79EFBC}") = "WindowsFormsCLGM", "WindowsFormsCLGM\WindowsFormsCLGM.csproj", "{E26D353A-D125-446E-9AC3-3A2291DB0E09}"
EndProject
Project("{FAE04EC0-301F-11D3-BF4B-00C04F79EFBC}") = "UnitTestProjectGM", "UnitTestProjectGM\UnitTestProjectGM.csproj", "{AE777717-C5BA-4DFC-B53C-0D2BD1DC4172}"
EndProject
Global
	GlobalSection(SolutionConfigurationPlatforms) = preSolution
		Debug|Any CPU = Debug|Any CPU
		Release|Any CPU = Release|Any CPU
	EndGlobalSection
	GlobalSection(ProjectConfigurationPlatforms) = postSolution
		{24C8CA37-48AD-4A62-A332-0E8BA6F95691}.Debug|Any CPU.ActiveCfg = Debug|Any CPU
		{24C8CA37-48AD-4A62-A332-0E8BA6F95691}.Debug|Any CPU.Build.0 = Debug|Any CPU
		{24C8CA37-48AD-4A62-A332-0E8BA6F95691}.Release|Any CPU.ActiveCfg = Release|Any CPU
		{24C8CA37-48AD-4A62-A332-0E8BA6F95691}.Release|Any CPU.Build.0 = Release|Any CPU
		{E26D353A-D125-446E-9AC3-3A2291DB0E09}.Debug|Any CPU.ActiveCfg = Debug|Any CPU
		{E26D353A-D125-446E-9AC3-3A2291DB0E09}.Debug|Any CPU.Build.0 = Debug|Any CPU
		{E26D353A-D125-446E-9AC3-3A2291DB0E09}.Release|Any CPU.ActiveCfg = Release|Any CPU
		{E26D353A-D125-446E-9AC3-3A2291DB0E09}.Release|Any CPU.Build.0 = Release|Any CPU
		{AE777717-C5BA-4DFC-B53C-0D2BD1DC4172}.Debug|Any CPU.ActiveCfg = Debug|Any CPU
		{AE777717-C5BA-4DFC-B53C-0D2BD1DC4172}.Debug|Any CPU.Build.0 = Debug|Any CPU
		{AE777717-C5BA-4DFC-B53C-0D2BD1DC4172}.Release|Any CPU.ActiveCfg = Release|Any CPU
		{AE777717-C5BA-4DFC-B53C-0D2BD1DC4172}.Release|Any CPU.Build.0 = Release|Any CPU
	EndGlobalSection
	GlobalSection(SolutionProperties) = preSolution
		HideSolutionNode = FALSE
	EndGlobalSection
	GlobalSection(ExtensibilityGlobals) = postSolution
		SolutionGuid = {EEA2529C-1896-48F4-9A0C-FCD6E02E18A4}
	EndGlobalSection
EndGlobal
